{
  "version": 4,
  "terraform_version": "1.3.2",
  "serial": 100,
  "lineage": "b47f5e34-f677-5842-843e-7ef0625ea128",
  "outputs": {
    "external_ip_address_server": {
      "value": [
        "51.250.91.212",
        "51.250.1.142"
      ],
      "type": [
        "tuple",
        [
          "string",
          "string"
        ]
      ]
    },
    "internal_ip_address_server": {
      "value": [
        "192.168.10.22",
        "192.168.10.23"
      ],
      "type": [
        "tuple",
        [
          "string",
          "string"
        ]
      ]
    },
    "server_name": {
      "value": [
        "rmq0",
        "rmq1"
      ],
      "type": [
        "tuple",
        [
          "string",
          "string"
        ]
      ]
    }
  },
  "resources": [
    {
      "mode": "managed",
      "type": "yandex_compute_instance",
      "name": "rmq",
      "provider": "provider[\"registry.terraform.io/yandex-cloud/yandex\"]",
      "instances": [
        {
          "index_key": 0,
          "schema_version": 1,
          "attributes": {
            "allow_recreate": null,
            "allow_stopping_for_update": null,
            "boot_disk": [
              {
                "auto_delete": true,
                "device_name": "fhmfcsnf26pvm5g8eu53",
                "disk_id": "fhmfcsnf26pvm5g8eu53",
                "initialize_params": [
                  {
                    "block_size": 4096,
                    "description": "",
                    "image_id": "fd8m8s42796gm6v7sf8e",
                    "name": "",
                    "size": 3,
                    "snapshot_id": "",
                    "type": "network-hdd"
                  }
                ],
                "mode": "READ_WRITE"
              }
            ],
            "created_at": "2023-01-29T20:52:21Z",
            "description": "",
            "filesystem": [],
            "folder_id": "b1g817nmob937losobc1",
            "fqdn": "fhmru3u68m7isjuu44gt.auto.internal",
            "hostname": "",
            "id": "fhmru3u68m7isjuu44gt",
            "labels": null,
            "local_disk": [],
            "metadata": {
              "user-data": "#cloud-config\nusers:\n  - name: test\n    groups: sudo\n    shell: /bin/bash\n    sudo: ['ALL=(ALL) NOPASSWD:ALL']\n    ssh-authorized-keys:\n     - ssh-rsa AAAAB3NzaC1yc2EAAAADAQABAAABgQDuMPfujkHgJ4IKwI580dgIO5dCO+60S952RQ/rPt3+ZAMutQcmuqxAt1+5ot5LNUecmZIIHs1yPGaO8UKs87n4Ww9VAgs4T5iFzF5w0dPj1ldozX9Yv0rEwcy35GKfQpV74omNMQRaGn2VuisnhuYKaoXFErlXnR7cxt0ebKnZWz02rCQtVhKNXnNbSfBq2gihtoXZe8/DBplagTBCF0yMSoM3UfboGqIrLXNuEbmVfPGAEViW95S+AjSpfSHWoJ2Kbsg+elqGx9LCziRMP6nM0MR2vz+aqBBPsRYNZmEkN6FanxhzHerU942vxQpR+N1+Wa5Zm4vyvD5GmTL4hW9GNC16HTvceRdUNNHcOgWvMDEVWWOEAjgckMm2kgQIJi16vz5XMNQf2SHvI7VF7xhAfSUW1Qg+tMZQ+iw/xp28y95Er5XijDKmzKRXGGD7K7smv2BtYJyRWeRJFcProY/CgP0UWKU+46oEBcOTny60dhHtYgYoyAGc72ak+wy1F9U= paromov@debian11\n"
            },
            "metadata_options": [
              {
                "aws_v1_http_endpoint": 1,
                "aws_v1_http_token": 1,
                "gce_http_endpoint": 1,
                "gce_http_token": 1
              }
            ],
            "name": "rmq0",
            "network_acceleration_type": "standard",
            "network_interface": [
              {
                "dns_record": [],
                "index": 0,
                "ip_address": "192.168.10.22",
                "ipv4": true,
                "ipv6": false,
                "ipv6_address": "",
                "ipv6_dns_record": [],
                "mac_address": "d0:0d:1b:f0:fc:64",
                "nat": true,
                "nat_dns_record": [],
                "nat_ip_address": "51.250.91.212",
                "nat_ip_version": "IPV4",
                "security_group_ids": [],
                "subnet_id": "e9bt164l0j8e4ee3k2pc"
              }
            ],
            "placement_policy": [
              {
                "host_affinity_rules": [],
                "placement_group_id": ""
              }
            ],
            "platform_id": "standard-v1",
            "resources": [
              {
                "core_fraction": 20,
                "cores": 2,
                "gpus": 0,
                "memory": 2
              }
            ],
            "scheduling_policy": [
              {
                "preemptible": false
              }
            ],
            "secondary_disk": [],
            "service_account_id": "",
            "status": "running",
            "timeouts": null,
            "zone": "ru-central1-a"
          },
          "sensitive_attributes": [],
          "private": "eyJlMmJmYjczMC1lY2FhLTExZTYtOGY4OC0zNDM2M2JjN2M0YzAiOnsiY3JlYXRlIjozMDAwMDAwMDAwMDAsImRlbGV0ZSI6MzAwMDAwMDAwMDAwLCJ1cGRhdGUiOjMwMDAwMDAwMDAwMH0sInNjaGVtYV92ZXJzaW9uIjoiMSJ9",
          "dependencies": [
            "yandex_vpc_network.network-1",
            "yandex_vpc_subnet.subnet-1"
          ]
        },
        {
          "index_key": 1,
          "schema_version": 1,
          "attributes": {
            "allow_recreate": null,
            "allow_stopping_for_update": null,
            "boot_disk": [
              {
                "auto_delete": true,
                "device_name": "fhmabv9kosjd19nph8l3",
                "disk_id": "fhmabv9kosjd19nph8l3",
                "initialize_params": [
                  {
                    "block_size": 4096,
                    "description": "",
                    "image_id": "fd8m8s42796gm6v7sf8e",
                    "name": "",
                    "size": 3,
                    "snapshot_id": "",
                    "type": "network-hdd"
                  }
                ],
                "mode": "READ_WRITE"
              }
            ],
            "created_at": "2023-01-29T20:52:21Z",
            "description": "",
            "filesystem": [],
            "folder_id": "b1g817nmob937losobc1",
            "fqdn": "fhmrepq6r7bn9d1etus1.auto.internal",
            "hostname": "",
            "id": "fhmrepq6r7bn9d1etus1",
            "labels": null,
            "local_disk": [],
            "metadata": {
              "user-data": "#cloud-config\nusers:\n  - name: test\n    groups: sudo\n    shell: /bin/bash\n    sudo: ['ALL=(ALL) NOPASSWD:ALL']\n    ssh-authorized-keys:\n     - ssh-rsa AAAAB3NzaC1yc2EAAAADAQABAAABgQDuMPfujkHgJ4IKwI580dgIO5dCO+60S952RQ/rPt3+ZAMutQcmuqxAt1+5ot5LNUecmZIIHs1yPGaO8UKs87n4Ww9VAgs4T5iFzF5w0dPj1ldozX9Yv0rEwcy35GKfQpV74omNMQRaGn2VuisnhuYKaoXFErlXnR7cxt0ebKnZWz02rCQtVhKNXnNbSfBq2gihtoXZe8/DBplagTBCF0yMSoM3UfboGqIrLXNuEbmVfPGAEViW95S+AjSpfSHWoJ2Kbsg+elqGx9LCziRMP6nM0MR2vz+aqBBPsRYNZmEkN6FanxhzHerU942vxQpR+N1+Wa5Zm4vyvD5GmTL4hW9GNC16HTvceRdUNNHcOgWvMDEVWWOEAjgckMm2kgQIJi16vz5XMNQf2SHvI7VF7xhAfSUW1Qg+tMZQ+iw/xp28y95Er5XijDKmzKRXGGD7K7smv2BtYJyRWeRJFcProY/CgP0UWKU+46oEBcOTny60dhHtYgYoyAGc72ak+wy1F9U= paromov@debian11\n"
            },
            "metadata_options": [
              {
                "aws_v1_http_endpoint": 1,
                "aws_v1_http_token": 1,
                "gce_http_endpoint": 1,
                "gce_http_token": 1
              }
            ],
            "name": "rmq1",
            "network_acceleration_type": "standard",
            "network_interface": [
              {
                "dns_record": [],
                "index": 0,
                "ip_address": "192.168.10.23",
                "ipv4": true,
                "ipv6": false,
                "ipv6_address": "",
                "ipv6_dns_record": [],
                "mac_address": "d0:0d:1b:76:74:6d",
                "nat": true,
                "nat_dns_record": [],
                "nat_ip_address": "51.250.1.142",
                "nat_ip_version": "IPV4",
                "security_group_ids": [],
                "subnet_id": "e9bt164l0j8e4ee3k2pc"
              }
            ],
            "placement_policy": [
              {
                "host_affinity_rules": [],
                "placement_group_id": ""
              }
            ],
            "platform_id": "standard-v1",
            "resources": [
              {
                "core_fraction": 20,
                "cores": 2,
                "gpus": 0,
                "memory": 2
              }
            ],
            "scheduling_policy": [
              {
                "preemptible": false
              }
            ],
            "secondary_disk": [],
            "service_account_id": "",
            "status": "running",
            "timeouts": null,
            "zone": "ru-central1-a"
          },
          "sensitive_attributes": [],
          "private": "eyJlMmJmYjczMC1lY2FhLTExZTYtOGY4OC0zNDM2M2JjN2M0YzAiOnsiY3JlYXRlIjozMDAwMDAwMDAwMDAsImRlbGV0ZSI6MzAwMDAwMDAwMDAwLCJ1cGRhdGUiOjMwMDAwMDAwMDAwMH0sInNjaGVtYV92ZXJzaW9uIjoiMSJ9",
          "dependencies": [
            "yandex_vpc_network.network-1",
            "yandex_vpc_subnet.subnet-1"
          ]
        }
      ]
    },
    {
      "mode": "managed",
      "type": "yandex_vpc_network",
      "name": "network-1",
      "provider": "provider[\"registry.terraform.io/yandex-cloud/yandex\"]",
      "instances": [
        {
          "schema_version": 0,
          "attributes": {
            "created_at": "2023-01-29T20:52:19Z",
            "default_security_group_id": "",
            "description": "",
            "folder_id": "b1g817nmob937losobc1",
            "id": "enpmiuene9r8kro08s3r",
            "labels": {},
            "name": "network1",
            "subnet_ids": [],
            "timeouts": null
          },
          "sensitive_attributes": [],
          "private": "eyJlMmJmYjczMC1lY2FhLTExZTYtOGY4OC0zNDM2M2JjN2M0YzAiOnsiY3JlYXRlIjo2MDAwMDAwMDAwMCwiZGVsZXRlIjo2MDAwMDAwMDAwMCwidXBkYXRlIjo2MDAwMDAwMDAwMH19"
        }
      ]
    },
    {
      "mode": "managed",
      "type": "yandex_vpc_subnet",
      "name": "subnet-1",
      "provider": "provider[\"registry.terraform.io/yandex-cloud/yandex\"]",
      "instances": [
        {
          "schema_version": 0,
          "attributes": {
            "created_at": "2023-01-29T20:52:20Z",
            "description": "",
            "dhcp_options": [],
            "folder_id": "b1g817nmob937losobc1",
            "id": "e9bt164l0j8e4ee3k2pc",
            "labels": {},
            "name": "subnet1",
            "network_id": "enpmiuene9r8kro08s3r",
            "route_table_id": "",
            "timeouts": null,
            "v4_cidr_blocks": [
              "192.168.10.0/24"
            ],
            "v6_cidr_blocks": [],
            "zone": "ru-central1-a"
          },
          "sensitive_attributes": [],
          "private": "eyJlMmJmYjczMC1lY2FhLTExZTYtOGY4OC0zNDM2M2JjN2M0YzAiOnsiY3JlYXRlIjoxODAwMDAwMDAwMDAsImRlbGV0ZSI6MTgwMDAwMDAwMDAwLCJ1cGRhdGUiOjE4MDAwMDAwMDAwMH19",
          "dependencies": [
            "yandex_vpc_network.network-1"
          ]
        }
      ]
    }
  ],
  "check_results": []
}
